#MicroXplorer Configuration settings - do not modify
PCC.Series=STM32L4
FREERTOS.Queues01=ioEventQueue,16,uint32_t,0,Static,ioEventQueueBuffer,ioEventQueueControlBlock;serialInputQueue,16,uint32_t,0,Static,serialInputQueueBuffer,serialInputQueueControlBlock;serialOutputQueue,16,uint32_t,0,Static,serialOutputQueueBuffer,serialOutputQueueControlBlock;audioInputQueue,4,uint32_t,0,Static,audioInputQueueBuffer,audioInputQueueControlBlock;hdlcInputQueue,3,uint32_t,0,Static,hdlcInputQueueBuffer,hdlcInputQueueControlBlock;hdlcOutputQueue,3,uint32_t,0,Static,hdlcOutputQueueBuffer,hdlcOutputQueueControlBlock;dacOutputQueue,128,uint8_t,0,Static,dacOutputQueueBuffer,dacOutputQueueControlBlock;adcInputQueue,3,uint32_t,0,Static,adcInputQueueBuffer,adcInputQueueControlBlock;m17EncoderInputQueue,3,uint32_t,0,Static,m17EncoderInputQueueBuffer,m17EncoderInputQueueControlBlock;m17EncoderOuputQueue,3,uint32_t,0,Static,m17EncoderOuputQueueBuffer,m17EncoderOuputQueueControlBlock
PC7.GPIOParameters=GPIO_Label
RCC.USART1Freq_Value=120000000
RCC.OCTOSPIMFreq_Value=120000000
PC12.Locked=true
PC12.Signal=GPIO_Output
PB14.GPIO_Label=PTT_B
PC7.Locked=true
PC6.GPIO_Label=LED_BT
VP_RTC_VS_RTC_Activate.Mode=RTC_Enabled
DAC1.IPParameters=DAC_Channel-DAC_OUT2
PC3.Locked=true
PA3.GPIOParameters=GPIO_Label
PB6.GPIO_Label=BT_RESET
COMP1.Hysteresis=COMP_HYSTERESIS_LOW
PA15\ (JTDI).Signal=USART3_RTS
PD2.GPIOParameters=GPIO_Label
PC15-OSC32_OUT\ (PC15).Mode=LSE-External-Oscillator
PB13.Signal=USART3_CTS
VP_TIM8_VS_ClockSourceINT.Signal=TIM8_VS_ClockSourceINT
TIM8.Channel-Output\ Compare3\ CH3=TIM_CHANNEL_3
PA2.GPIOParameters=GPIO_Label,GPIO_ModeDefaultEXTI
PinOutPanel.RotationAngle=0
VP_COMP1_VS_VREFINT34.Mode=VREFINT_34
RCC.MCO1PinFreq_Value=15000000
RCC.SYSCLKSource=RCC_SYSCLKSOURCE_PLLCLK
SH.ADCx_IN16.0=ADC2_IN16,IN16-Single-Ended
PC14-OSC32_IN\ (PC14).Mode=LSE-External-Oscillator
USART3.VirtualMode-Asynchronous=VM_ASYNC
RCC.LPTIM1Freq_Value=120000000
NVIC.SVCall_IRQn=true\:0\:0\:false\:false\:false\:false\:false\:false
PCC.Seq0.Step1.Oscillator=LSE RTC
FREERTOS.configENABLE_FPU=1
PA15\ (JTDI).Mode=CTS_RTS
PA14\ (JTCK/SWCLK).Signal=SYS_JTCK-SWCLK
NVIC.EXTI1_IRQn=true\:5\:0\:false\:false\:true\:true\:true\:true
SH.GPXTI3.ConfNb=1
PCC.PartNumber=STM32L4P5RETx
RCC.LCDTFTFreq_Value=48000000
RCC.I2C4Freq_Value=120000000
RCC.APB2TimFreq_Value=120000000
COMP1.Mode=COMP_POWERMODE_ULTRALOWPOWER
PB6.Signal=GPIO_Output
PC7.Signal=S_TIM8_CH2
PCC.Seq0.Step1.TaMax=105
PC3.Signal=GPIO_Output
RCC.SAI2Freq_Value=96000000
PCC.Seq0.Step1.Category=In DS Table
PB13.Locked=true
PA2.Stacked=true
RCC.I2C3CLockSelection=RCC_I2C3CLKSOURCE_HSI
RCC.USART3Freq_Value=16000000
NVIC.EXTI15_10_IRQn=true\:5\:0\:false\:false\:true\:true\:true\:true
ProjectManager.ProjectBuild=false
NVIC.UsageFault_IRQn=true\:0\:0\:false\:false\:true\:false\:false\:false
PA0.Locked=true
PCC.Seq0.Step1.Vdd=3.0
PB2.Signal=COMP1_INP
PA8.Locked=true
PH3-BOOT0.Locked=true
PA4.Locked=true
PCC.Seq0.Step0.Voltage_Source=Battery
PB12.GPIO_Label=PB12
ProjectManager.FirmwarePackage=STM32Cube FW_L4 V1.17.0
MxDb.Version=DB.6.0.21
PA1.GPIOParameters=GPIO_Label
ProjectManager.BackupPrevious=false
PC4.GPIO_Label=AUDIO_ATTEN
VP_SYS_VS_tim2.Signal=SYS_VS_tim2
PB1.GPIO_Label=BAT_ADC
NVIC.TIM2_IRQn=true\:0\:0\:false\:false\:true\:false\:false\:true
SH.SharedStack_PC13.ConfNb=2
PA8.Signal=RCC_MCO
PA14\ (JTCK/SWCLK).Mode=Trace_Asynchronous_SW
RCC.PLLRCLKFreq_Value=120000000
PB6.Locked=true
NVIC.PendSV_IRQn=true\:15\:0\:false\:false\:false\:true\:false\:false
PA13\ (JTMS/SWDIO).Locked=true
ProjectManager.HalAssertFull=true
SH.S_TIM8_CH1.ConfNb=1
ADC1.SamplingTime-0\#ChannelRegularConversion=ADC_SAMPLETIME_2CYCLES_5
PA0.Signal=SharedAnalog_PA0
PH3-BOOT0.Signal=GPXTI3
PC8.GPIOParameters=GPIO_Label
Mcu.Package=LQFP64
PB9.Signal=I2C1_SDA
VP_SYS_VS_tim2.Mode=TIM2
PB1.Signal=ADCx_IN16
PA5.Locked=true
NVIC.TimeBase=TIM2_IRQn
SH.SharedStack_PA2.ConfNb=2
STMicroelectronics.X-CUBE-ALGOBUILD.1.2.0.LibraryCcDSPOoLibraryJjDSPOoLibrary=true
PA14\ (JTCK/SWCLK).Locked=true
PCC.Seq0.Step1.Average_Current=905 nA
PC13.Stacked=true
NVIC.TimeBaseIP=TIM2
RCC.LSCOPinFreq_Value=32768
USART3.IPParameters=VirtualMode-Asynchronous
VP_RTC_VS_RTC_Calendar.Mode=RTC_Calendar
FREERTOS.FootprintOK=true
RCC.DFSDMFreq_Value=120000000
PA5.GPIOParameters=GPIO_Label
PC11.Mode=Asynchronous
PB14.GPIOParameters=GPIO_Label
PCC.Seq0.Step1.DMIPS=0.0
NVIC.EXTI2_IRQn=true\:5\:0\:false\:false\:true\:true\:true\:true
RCC.PLLPoutputFreq_Value=120000000
PH1-OSC_OUT\ (PH1).PinState=GPIO_PIN_SET
RCC.APB1TimFreq_Value=120000000
NVIC.BusFault_IRQn=true\:0\:0\:false\:false\:true\:false\:false\:false
RCC.LPUART1Freq_Value=120000000
STMicroelectronics.X-CUBE-ALGOBUILD.1.2.0.IPParameters=LibraryCcDSPOoLibraryJjDSPOoLibrary
USB_OTG_FS.IPParameters=VirtualMode
PB10.GPIOParameters=GPIO_Label
PB13.Mode=CTS_RTS
PH0-OSC_IN\ (PH0).Mode=HSE-External-Clock-Source
PA4.GPIO_Label=AUDIO_OUT
ProjectManager.CustomerFirmwarePackage=
PC4.GPIOParameters=GPIO_Label
RCC.HSI48_VALUE=48000000
SH.S_TIM8_CH3.0=TIM8_CH3,Output Compare3 CH3
PCC.Seq0.Step0.Category=In DS Table
RCC.PLLQoutputFreq_Value=120000000
ProjectManager.ProjectFileName=firmware2.ioc
FREERTOS.Tasks01=defaultTask,24,128,StartDefaultTask,Default,NULL,Static,defaultTaskBuffer,defaultTaskControlBlock;ioEventTask,8,384,startIOEventTask,As external,NULL,Static,ioEventTaskBuffer,ioEventTaskControlBlock;audioInputTask,32,512,startAudioInputTask,As external,NULL,Static,audioInputTaskBuffer,audioInputTaskControlBlock;modulatorTask,32,384,startModulatorTask,As external,NULL,Static,modulatorTaskBuffer,modulatorTaskControlBlock;testToneTask,8,256,startAfskToneTask,As external,NULL,Static,testToneTaskBuffer,testToneTaskControlBlock
ADC1.Rank-0\#ChannelRegularConversion=1
DAC1.DAC_Channel-DAC_OUT2=DAC_CHANNEL_2
Mcu.PinsNb=63
PC11.Locked=true
ADC1.IPParameters=Rank-0\#ChannelRegularConversion,Channel-0\#ChannelRegularConversion,SamplingTime-0\#ChannelRegularConversion,OffsetNumber-0\#ChannelRegularConversion,NbrOfConversionFlag,master
PC13.Locked=true
ADC1.OffsetNumber-0\#ChannelRegularConversion=ADC_OFFSET_NONE
PC13.Signal=SharedStack_PC13
FREERTOS.configCHECK_FOR_STACK_OVERFLOW=1
PC6.Signal=S_TIM8_CH1
PC2.Signal=GPIO_Output
PB11.GPIO_Label=BAT_DIV
PC9.PinState=GPIO_PIN_SET
SH.GPXTI0.ConfNb=1
PCC.Line=STM32L4P5/Q5
PB14.Locked=true
PC0.Signal=GPXTI0
Mcu.Pin62=VP_USB_DEVICE_VS_USB_DEVICE_CDC_FS
Mcu.Pin60=VP_TIM7_VS_ClockSourceINT
Mcu.Pin61=VP_TIM8_VS_ClockSourceINT
SH.S_TIM8_CH2.0=TIM8_CH2,Output Compare2 CH2
PC3.GPIOParameters=GPIO_Label
VP_TIM6_VS_ClockSourceINT.Signal=TIM6_VS_ClockSourceINT
PCC.MCU=STM32L4P5R(G-E)Tx
PA11.Locked=true
Mcu.Pin59=VP_TIM6_VS_ClockSourceINT
Mcu.Pin57=VP_RTC_VS_RTC_Calendar
Mcu.Pin58=VP_SYS_VS_tim2
USB_DEVICE.PRODUCT_STRING_CDC_FS=Mobilinkd TNC3+
Mcu.Pin51=VP_COMP1_VS_VREFINT34
Mcu.Pin52=VP_CRC_VS_CRC
SH.COMP_DAC11_group.0=DAC1_OUT1,DAC_OUT1
Mcu.Pin50=PB9
VP_CRC_VS_CRC.Signal=CRC_VS_CRC
Mcu.Pin55=VP_RNG_VS_RNG
Mcu.Pin56=VP_RTC_VS_RTC_Activate
Mcu.Pin53=VP_FREERTOS_VS_CMSIS_V2
ADC2.IPParameters=Rank-0\#ChannelRegularConversion,Channel-0\#ChannelRegularConversion,SamplingTime-0\#ChannelRegularConversion,OffsetNumber-0\#ChannelRegularConversion,NbrOfConversionFlag
Mcu.Pin54=VP_IWDG_VS_IWDG
PC6.Locked=true
PA9.Signal=USB_OTG_FS_VBUS
I2C1.Timing=0x307075B1
PB11.GPIOParameters=GPIO_Label
PB5.Locked=true
PB9.Locked=true
VP_TIM8_VS_ClockSourceINT.Mode=Internal
Mcu.Pin48=PH3-BOOT0
Mcu.Pin49=PB8
RCC.PLLSAI1PoutputFreq_Value=96000000
Mcu.Pin46=PB6
Mcu.Pin47=PB7
PB10.Signal=GPIO_Analog
PB14.Signal=GPIO_Output
RCC.PLLSAI2RoutputFreq_Value=96000000
PA5.Signal=COMP_DAC12_group
Mcu.Pin40=PC11
Mcu.Pin41=PC12
ADC2.OffsetNumber-0\#ChannelRegularConversion=ADC_OFFSET_NONE
SH.S_TIM8_CH1.0=TIM8_CH1,PWM Generation1 CH1
Mcu.Pin44=PB4 (NJTRST)
Mcu.Pin45=PB5
Mcu.Pin42=PD2
Mcu.Pin43=PB3 (JTDO/TRACESWO)
ProjectManager.LastFirmware=true
PCC.Seq0.Step0.Vcore=Range1-High
Mcu.Pin37=PA14 (JTCK/SWCLK)
Mcu.Pin38=PA15 (JTDI)
PB15.GPIO_Label=PTT_A
Mcu.Pin35=PA12
RCC.I2C1Freq_Value=120000000
Mcu.Pin36=PA13 (JTMS/SWDIO)
Mcu.Pin39=PC10
RCC.RNGFreq_Value=48000000
PC2.GPIOParameters=GPIO_Label
Mcu.Pin30=PC8
NVIC.COMP_IRQn=true\:5\:0\:false\:false\:true\:true\:false\:true
PA1.GPIO_Label=PA1
Mcu.Pin33=PA9
Mcu.Pin34=PA11
Mcu.Pin31=PC9
Mcu.Pin32=PA8
PA9.Locked=true
NVIC.NonMaskableInt_IRQn=true\:0\:0\:false\:false\:true\:false\:false\:false
ProjectManager.FreePins=true
PC9.GPIOParameters=PinState,GPIO_Label
RCC.LPTIM2Freq_Value=120000000
Mcu.Pin26=PB14
Mcu.Pin27=PB15
Mcu.Pin24=PB12
ProjectManager.UnderRoot=true
Mcu.Pin25=PB13
PC7.GPIO_Label=LED_RX
Mcu.Pin28=PC6
Mcu.Pin29=PC7
PA4.Signal=COMP_DAC11_group
Mcu.Pin22=PB10
PB5.Signal=GPIO_Output
Mcu.Pin23=PB11
Mcu.Pin20=PB1
ADC1.master=1
PA3.Locked=true
Mcu.Pin21=PB2
PA5.GPIO_Label=DC_BIAS
ADC2.NbrOfConversionFlag=1
NVIC.ForceEnableDMAVector=true
NVIC.MemoryManagement_IRQn=true\:0\:0\:false\:false\:true\:false\:false\:false
PC12.GPIO_Label=BT_SLEEP
ProjectManager.CompilerOptimize=6
PA11.Signal=USB_OTG_FS_DM
ProjectManager.HeapSize=0x200
PA0.GPIOParameters=GPIO_Label
Mcu.Pin15=PA6
NVIC.HardFault_IRQn=true\:0\:0\:false\:false\:true\:false\:false\:false
Mcu.Pin16=PA7
Mcu.Pin13=PA4
Mcu.Pin14=PA5
Mcu.Pin19=PB0
ProjectManager.ComputerToolchain=false
Mcu.Pin17=PC4
FREERTOS.Timers01=usbShutdownTimer,shutdown,osTimerOnce,As external,NULL,Static,usbShutdownTimerControlBlock
Mcu.Pin18=PC5
FREERTOS.Mutexes01=hardwareInitMutex,Static,hardwareInitMutexControlBlock
STMicroelectronics.X-CUBE-ALGOBUILD.1.2.0_SwParameter=LibraryCcDSPOoLibraryJjDSPOoLibrary\:true;
NVIC.PriorityGroup=NVIC_PRIORITYGROUP_4
Mcu.Pin11=PA2
Mcu.Pin12=PA3
PB3\ (JTDO/TRACESWO).Mode=Trace_Asynchronous_SW
PB8.Mode=I2C
Mcu.Pin10=PA1
SH.SharedAnalog_PA3.ConfNb=2
PC3.GPIO_Label=BT_CMD3
RCC.PWRFreq_Value=120000000
PA8.Mode=Clock-out
PCC.Seq0.Step1.Vcore=NoRange
PB4\ (NJTRST).GPIO_Label=BAT_CE
PCC.Seq0.Step1.Voltage_Source=Battery
SH.GPXTI1.ConfNb=1
PD2.Signal=GPIO_Output
PCC.Seq0=2
RCC.I2C2Freq_Value=120000000
PB0.Signal=OPAMP2_VOUT
PC0.Locked=true
RCC.USART3CLockSelection=RCC_USART3CLKSOURCE_HSI
PB12.GPIOParameters=GPIO_Label
PC1.Signal=GPXTI1
PD2.GPIO_Label=BT_WAKE
PA13\ (JTMS/SWDIO).Signal=SYS_JTMS-SWDIO
SH.SharedStack_PC5.ConfNb=2
Mcu.Family=STM32L4
SH.GPXTI1.0=GPIO_EXTI1
ProjectManager.MainLocation=Core/Src
PA6.Mode=Standalone
USB_DEVICE.CLASS_NAME_FS=CDC
RCC.SAI1Freq_Value=96000000
RCC.CortexFreq_Value=120000000
ProjectManager.KeepUserCode=true
Mcu.UserName=STM32L4P5RETx
ADC2.Channel-0\#ChannelRegularConversion=ADC_CHANNEL_16
PCC.Seq0.Step0.CPU_Frequency=72 MHz
PH0-OSC_IN\ (PH0).Signal=RCC_OSC_IN
PH0-OSC_IN\ (PH0).Locked=true
SH.COMP_DAC12_group.0=DAC1_OUT2,DAC_OUT2
PCC.Seq0.Step0.User's_Consumption=0 mA
PC10.Locked=true
PC10.Signal=USART3_TX
VP_IWDG_VS_IWDG.Mode=IWDG_Activate
RCC.PLLSAI1RoutputFreq_Value=48000000
PC5.Locked=true
PA0.GPIO_Label=AUDIO_IN
ProjectManager.functionlistsort=1-MX_GPIO_Init-GPIO-false-HAL-true,2-SystemClock_Config-RCC-false-HAL-false,3-MX_ADC2_Init-ADC2-false-HAL-true,4-MX_COMP1_Init-COMP1-false-HAL-true,5-MX_CRC_Init-CRC-false-HAL-true,6-MX_DAC1_Init-DAC1-false-HAL-true,7-MX_OPAMP1_Init-OPAMP1-false-HAL-true,8-MX_OPAMP2_Init-OPAMP2-false-HAL-true,9-MX_RNG_Init-RNG-false-HAL-true,10-MX_TIM6_Init-TIM6-false-HAL-true,11-MX_TIM7_Init-TIM7-false-HAL-true,12-MX_TIM8_Init-TIM8-false-HAL-true,13-MX_USART3_UART_Init-USART3-false-HAL-true,14-MX_USB_DEVICE_Init-USB_DEVICE-false-HAL-false,15-MX_I2C1_Init-I2C1-false-HAL-true,16-MX_IWDG_Init-IWDG-false-HAL-true,17-MX_RTC_Init-RTC-false-HAL-true
PC0.GPIOParameters=GPIO_Label
PH3-BOOT0.GPIO_Label=SW_BOOT
NVIC.EXTI3_IRQn=true\:5\:0\:false\:false\:true\:true\:true\:true
PC0.GPIO_Label=BT_STATE1
PA11.Mode=Device_Only
RCC.PLLSAI2QoutputFreq_Value=96000000
PC9.Locked=true
RCC.USART2Freq_Value=120000000
PH1-OSC_OUT\ (PH1).GPIO_ModeDefaultOutputPP=GPIO_MODE_OUTPUT_OD
PD2.Locked=true
VP_RTC_VS_RTC_Calendar.Signal=RTC_VS_RTC_Calendar
PCC.Seq0.Step1.Duration=0.9 ms
PC13.GPIO_Label=USB_POWER
PC1.Locked=true
PB11.Signal=GPIO_Output
PB15.Signal=GPIO_Output
ProjectManager.StackSize=0x400
PB5.GPIOParameters=GPIO_Label
VP_FREERTOS_VS_CMSIS_V2.Mode=CMSIS_V2
RCC.VCOInput3Freq_Value=24000000
VP_TIM7_VS_ClockSourceINT.Mode=Enable_Timer
RCC.I2C3Freq_Value=16000000
Mcu.IP4=DAC1
Mcu.IP5=FREERTOS
RCC.FCLKCortexFreq_Value=120000000
USB_DEVICE.MANUFACTURER_STRING=Mobilinkd LLC
I2C1.IPParameters=Timing
Mcu.IP2=COMP1
Mcu.IP3=CRC
Mcu.IP0=ADC1
Mcu.IP1=ADC2
PA12.Locked=true
PA12.Signal=USB_OTG_FS_DP
Mcu.UserConstants=EEPROM_ADDRESS,0xA0;EEPROM_CAPACITY,4096;EEPROM_PAGE_SIZE,32;EEPROM_WRITE_TIME,5
RCC.VCOSAI1OutputFreq_Value=192000000
PC1.GPIOParameters=GPIO_Label
RCC.SDMMCFreq_Value=120000000
SH.SharedAnalog_PA3.0=OPAMP1_VOUT,PGA Not Connected
Mcu.ThirdPartyNb=1
RCC.HCLKFreq_Value=120000000
RCC.LSCOSource1=RCC_LSCOSOURCE_LSE
SH.SharedAnalog_PA3.1=ADC1_IN8,IN8-Single-Ended
TIM8.Channel-PWM\ Generation1\ CH1=TIM_CHANNEL_1
Mcu.IPNb=21
ProjectManager.PreviousToolchain=STM32CubeIDE
SH.COMP_DAC12_group.ConfNb=1
FREERTOS.configUSE_MALLOC_FAILED_HOOK=1
Mcu.Pin6=PC1
Mcu.Pin7=PC2
Mcu.Pin8=PC3
SH.SharedStack_PC5.1=GPIO_EXTI5
Mcu.Pin9=PA0
FREERTOS.IPParameters=Tasks01,configENABLE_FPU,configUSE_APPLICATION_TASK_TAG,configUSE_MALLOC_FAILED_HOOK,configCHECK_FOR_STACK_OVERFLOW,FootprintOK,Queues01,Mutexes01,configENABLE_BACKWARD_COMPATIBILITY,Timers01
RCC.AHBFreq_Value=120000000
Mcu.Pin0=PC13
Mcu.Pin1=PC14-OSC32_IN (PC14)
TIM8.IPParameters=Channel-PWM Generation1 CH1,Channel-Output Compare2 CH2,Channel-Output Compare3 CH3
GPIO.groupedBy=Group By Peripherals
Mcu.Pin2=PC15-OSC32_OUT (PC15)
Mcu.Pin3=PH0-OSC_IN (PH0)
SH.SharedStack_PC5.0=SYS_WKUP5
SH.SharedStack_PA2.1=GPIO_EXTI2
Mcu.Pin4=PH1-OSC_OUT (PH1)
SH.SharedStack_PA2.0=SYS_WKUP4
Mcu.Pin5=PC0
ADC1.Channel-0\#ChannelRegularConversion=ADC_CHANNEL_8
RCC.HSE_VALUE=24000000
NVIC.DebugMonitor_IRQn=true\:0\:0\:false\:false\:true\:false\:false\:false
PH3-BOOT0.GPIOParameters=GPIO_Label
Mcu.IP10=OPAMP2
PCC.Seq0.Step0.DMIPS=90.0
NVIC.SysTick_IRQn=true\:15\:0\:false\:false\:false\:true\:false\:true
Mcu.IP12=RNG
Mcu.IP11=RCC
FREERTOS.configENABLE_BACKWARD_COMPATIBILITY=1
Mcu.IP18=USART3
Mcu.IP17=TIM8
OPAMP1.PowerSupplyRange=OPAMP_POWERSUPPLY_LOW
Mcu.ThirdParty0=STMicroelectronics.X-CUBE-ALGOBUILD.1.2.0
Mcu.IP19=USB_DEVICE
VP_TIM7_VS_ClockSourceINT.Signal=TIM7_VS_ClockSourceINT
Mcu.IP14=SYS
Mcu.IP13=RTC
Mcu.IP16=TIM7
Mcu.IP15=TIM6
RCC.VCOInputFreq_Value=6000000
File.Version=6
SH.ADCx_IN16.ConfNb=1
PB7.Signal=SYS_PVD_IN
PB8.Locked=true
Mcu.IP20=USB_OTG_FS
PB6.GPIOParameters=GPIO_Label
PB0.Locked=true
RCC.CRSFreq_Value=48000000
ProjectManager.ProjectName=firmware2
SH.S_TIM8_CH3.ConfNb=1
VP_COMP1_VS_VREFINT34.Signal=COMP1_VS_VREFINT34
PB4\ (NJTRST).Locked=true
PCC.Seq0.Step0.Oscillator=HSE BYP PLL ART
PA6.Signal=OPAMP2_VINP
PA7.Locked=true
NVIC.OTG_FS_IRQn=true\:5\:0\:false\:false\:true\:true\:false\:true
ProjectManager.ToolChainLocation=
PA2.GPIO_Label=OVP_ERROR
RCC.LSI_VALUE=32000
SH.GPXTI0.0=GPIO_EXTI0
USB_OTG_FS.VirtualMode=Device_Only
VP_USB_DEVICE_VS_USB_DEVICE_CDC_FS.Signal=USB_DEVICE_VS_USB_DEVICE_CDC_FS
ADC2.SamplingTime-0\#ChannelRegularConversion=ADC_SAMPLETIME_2CYCLES_5
PCC.Checker=true
PC5.Stacked=true
PCC.Seq0.Step0.Duration=0.1 ms
PC14-OSC32_IN\ (PC14).Locked=true
PB5.GPIO_Label=BT_CMD1
PC4.Locked=true
PCC.Seq0.Step0.Peripherals=AHB_to_APB1_Bridge AHB_to_APB2_Bridge DAC12 DMA1 DMA2 GPIOA GPIOB GPIOC GPIOH I2C3 RNG TIM6 TIM7 TIM8 USART3
PC5.Signal=SharedStack_PC5
ADC2.Rank-0\#ChannelRegularConversion=1
SH.COMP_DAC11_group.ConfNb=1
PCC.Seq0.Step1.Mode=SHUTDOWN
PC2.GPIO_Label=BT_CMD2
RCC.PLLSAI1R=RCC_PLLR_DIV4
COMP1.TriggerMode=COMP_TRIGGERMODE_IT_FALLING
RCC.PLLSAI1Q=RCC_PLLQ_DIV4
PB15.Locked=true
RCC.PLLSAI1N=24
PA3.Signal=SharedAnalog_PA3
PCC.Seq0.Step1.CPU_Frequency=0 Hz
PCC.Seq0.Step1.Memory=NA
PH1-OSC_OUT\ (PH1).GPIO_Label=TCXO_EN
PA2.Locked=true
VP_RTC_VS_RTC_Activate.Signal=RTC_VS_RTC_Activate
RCC.MSI_VALUE=4000000
RCC.PLLSourceVirtual=RCC_PLLSOURCE_HSE
PA7.Mode=Standalone
PA13\ (JTMS/SWDIO).Mode=Trace_Asynchronous_SW
PCC.Seq0.Step0.Average_Current=12.5 mA
PCC.Vdd=3.0
PC9.GPIO_Label=VDD_EN
ProjectManager.NoMain=false
USB_DEVICE.VirtualModeFS=Cdc_FS
SH.SharedAnalog_PA0.0=OPAMP1_VINP,PGA Not Connected
SH.SharedAnalog_PA0.1=ADC1_IN5,IN5-Single-Ended
NVIC.SavedSvcallIrqHandlerGenerated=true
PC11.Signal=USART3_RX
PC8.Signal=S_TIM8_CH3
PC4.Signal=GPIO_Output
PC10.Mode=Asynchronous
VP_TIM6_VS_ClockSourceINT.Mode=Enable_Timer
ProjectManager.DefaultFWLocation=true
PC15-OSC32_OUT\ (PC15).Signal=RCC_OSC32_OUT
PB12.Locked=true
ProjectManager.DeletePrevious=false
VP_RNG_VS_RNG.Mode=RNG_Activate
PB10.Locked=true
RCC.VCOSAI2OutputFreq_Value=192000000
FREERTOS.configUSE_APPLICATION_TASK_TAG=0
USB_DEVICE.IPParameters=VirtualMode,VirtualModeFS,CLASS_NAME_FS,MANUFACTURER_STRING,PRODUCT_STRING_CDC_FS
RCC.FamilyName=M
PH1-OSC_OUT\ (PH1).Signal=GPIO_Output
PC8.GPIO_Label=LED_TX
PC12.GPIOParameters=GPIO_Label
PCC.Seq0.Step0.TaMax=102.94
PA9.Mode=Activate_VBUS_BCD
PB4\ (NJTRST).GPIOParameters=GPIO_Label
PH1-OSC_OUT\ (PH1).GPIOParameters=PinState,GPIO_Label,GPIO_ModeDefaultOutputPP
PB3\ (JTDO/TRACESWO).Locked=true
PB3\ (JTDO/TRACESWO).Signal=SYS_JTDO-SWO
ProjectManager.TargetToolchain=STM32CubeIDE
PB10.GPIO_Label=PB10
PCC.Seq0.Step1.User's_Consumption=0 mA
PCC.Seq0.Step0.Mode=RUN
VP_RNG_VS_RNG.Signal=RNG_VS_RNG
VP_USB_DEVICE_VS_USB_DEVICE_CDC_FS.Mode=CDC_FS
PC5.GPIOParameters=GPIO_Label
PB9.Mode=I2C
PB2.GPIOParameters=GPIO_Label
PC2.Locked=true
ProjectManager.RegisterCallBack=
PC15-OSC32_OUT\ (PC15).Locked=true
RCC.USBFreq_Value=48000000
PA1.Signal=GPIO_Analog
PB1.Locked=true
PH1-OSC_OUT\ (PH1).Locked=true
PB0.Mode=Standalone
board=custom
PCC.Temperature=25
SH.GPXTI3.0=GPIO_EXTI3
RCC.VCOOutputFreq_Value=240000000
NVIC.SavedSystickIrqHandlerGenerated=true
RCC.APB2Freq_Value=120000000
RCC.UART4Freq_Value=120000000
PCC.Seq0.Step0.Frequency=4 MHz
COMP1.IPParameters=Mode,TriggerMode,Hysteresis
MxCube.Version=6.2.1
PC13.GPIOParameters=GPIO_Label
RCC.PLLSAI1QoutputFreq_Value=48000000
RCC.ADCFreq_Value=48000000
PC1.GPIO_Label=BT_STATE2
PA4.GPIOParameters=GPIO_Label
TIM8.Channel-Output\ Compare2\ CH2=TIM_CHANNEL_2
SH.SharedAnalog_PA0.ConfNb=2
RCC.UART5Freq_Value=120000000
PB15.GPIOParameters=GPIO_Label
RCC.IPParameters=ADCFreq_Value,AHBFreq_Value,APB1Freq_Value,APB1TimFreq_Value,APB2Freq_Value,APB2TimFreq_Value,CRSFreq_Value,CortexFreq_Value,DFSDMFreq_Value,FCLKCortexFreq_Value,FamilyName,HCLKFreq_Value,HSE_VALUE,HSI48_VALUE,HSI_VALUE,I2C1Freq_Value,I2C2Freq_Value,I2C3CLockSelection,I2C3Freq_Value,I2C4Freq_Value,LCDTFTFreq_Value,LPTIM1Freq_Value,LPTIM2Freq_Value,LPUART1Freq_Value,LSCOPinFreq_Value,LSCOSource1,LSI_VALUE,MCO1PinFreq_Value,MSI_VALUE,OCTOSPIMFreq_Value,PLLM1,PLLM2,PLLN,PLLPoutputFreq_Value,PLLQoutputFreq_Value,PLLRCLKFreq_Value,PLLSAI1N,PLLSAI1PoutputFreq_Value,PLLSAI1Q,PLLSAI1QoutputFreq_Value,PLLSAI1R,PLLSAI1RoutputFreq_Value,PLLSAI2PoutputFreq_Value,PLLSAI2QoutputFreq_Value,PLLSAI2RoutputFreq_Value,PLLSourceVirtual,PWRFreq_Value,RCC_MCODiv,RNGFreq_Value,SAI1Freq_Value,SAI2Freq_Value,SDMMCFreq_Value,SYSCLKFreq_VALUE,SYSCLKSource,UART4Freq_Value,UART5Freq_Value,USART1Freq_Value,USART2Freq_Value,USART3CLockSelection,USART3Freq_Value,USBFreq_Value,VCOInput2Freq_Value,VCOInput3Freq_Value,VCOInputFreq_Value,VCOOutputFreq_Value,VCOSAI1OutputFreq_Value,VCOSAI2OutputFreq_Value
ProjectManager.AskForMigrate=true
Mcu.Name=STM32L4P5R(G-E)Tx
NVIC.SavedPendsvIrqHandlerGenerated=true
PA2.Signal=SharedStack_PA2
RCC.RCC_MCODiv=RCC_MCODIV_8
PB2.Locked=true
Mcu.IP8=NVIC
VP_FREERTOS_VS_CMSIS_V2.Signal=FREERTOS_VS_CMSIS_V2
Mcu.IP9=OPAMP1
Mcu.IP6=I2C1
Mcu.IP7=IWDG
ProjectManager.CoupleFile=false
PCC.Seq0.Step0.Memory=FLASH/SingleBank
NVIC.EXTI0_IRQn=true\:5\:0\:false\:false\:true\:true\:true\:true
RCC.SYSCLKFreq_VALUE=120000000
RCC.PLLM2=3
RCC.PLLM1=4
PA1.Locked=true
PA12.Mode=Device_Only
SH.SharedStack_PC13.0=SYS_WKUP2
RCC.PLLSAI2PoutputFreq_Value=96000000
KeepUserPlacement=false
SH.SharedStack_PC13.1=GPIO_EXTI13
PC5.GPIO_Label=SW_POWER
PC14-OSC32_IN\ (PC14).Signal=RCC_OSC32_IN
PB2.Mode=INP
PB7.Mode=Mode_PVD_Ext
VP_IWDG_VS_IWDG.Signal=IWDG_VS_IWDG
NVIC.EXTI9_5_IRQn=true\:5\:0\:false\:false\:true\:true\:true\:true
PB2.GPIO_Label=BAT_COMP
PC6.GPIOParameters=GPIO_Label
RCC.HSI_VALUE=16000000
PCC.Seq0.Step1.Frequency=0 Hz
PA2.GPIO_ModeDefaultEXTI=GPIO_MODE_IT_FALLING
ADC1.NbrOfConversionFlag=1
PH0-OSC_IN\ (PH0).GPIO_Label=TCXO_IN
RCC.PLLN=40
PB7.Locked=true
PCC.Seq0.Step1.Peripherals=
PB8.Signal=I2C1_SCL
PC8.Locked=true
PC9.Signal=GPIO_Output
PCC.Seq0.Step0.Vdd=3.0
PA15\ (JTDI).Locked=true
RCC.VCOInput2Freq_Value=8000000
RCC.APB1Freq_Value=120000000
VP_CRC_VS_CRC.Mode=CRC_Activate
USB_DEVICE.VirtualMode=Cdc
OPAMP1.IPParameters=PowerSupplyRange
PB11.Locked=true
ProjectManager.DeviceId=STM32L4P5RETx
SH.S_TIM8_CH2.ConfNb=1
PB12.Signal=GPIO_Analog
ProjectManager.LibraryCopy=1
PA3.GPIO_Label=AUDIO_AMP
PB1.GPIOParameters=GPIO_Label
PA7.Signal=OPAMP2_VINM
PH0-OSC_IN\ (PH0).GPIOParameters=GPIO_Label
PB4\ (NJTRST).Signal=GPIO_Output
PA6.Locked=true
isbadioc=false
